
Microsoft Visual Studio Solution File, Format Version 12.00
# Visual Studio 15
VisualStudioVersion = 15.0.28307.421
MinimumVisualStudioVersion = 10.0.40219.1
Project("{F2A71F9B-5D33-465A-A702-920D77279786}") = "l1_FP", "l1_FP\l1_FP.fsproj", "{6F328B95-1FA7-4A8B-9215-83F30DE19428}"
EndProject
Global
	GlobalSection(SolutionConfigurationPlatforms) = preSolution
		Debug|Any CPU = Debug|Any CPU
		Release|Any CPU = Release|Any CPU
	EndGlobalSection
	GlobalSection(ProjectConfigurationPlatforms) = postSolution
		{6F328B95-1FA7-4A8B-9215-83F30DE19428}.Debug|Any CPU.ActiveCfg = Debug|Any CPU
		{6F328B95-1FA7-4A8B-9215-83F30DE19428}.Debug|Any CPU.Build.0 = Debug|Any CPU
		{6F328B95-1FA7-4A8B-9215-83F30DE19428}.Release|Any CPU.ActiveCfg = Release|Any CPU
		{6F328B95-1FA7-4A8B-9215-83F30DE19428}.Release|Any CPU.Build.0 = Release|Any CPU
	EndGlobalSection
	GlobalSection(SolutionProperties) = preSolution
		HideSolutionNode = FALSE
	EndGlobalSection
	GlobalSection(ExtensibilityGlobals) = postSolution
		SolutionGuid = {B7C55F1F-48CC-4795-A06D-F0A5C3F05CF1}
	EndGlobalSection
EndGlobal
